
Microsoft Visual Studio Solution File, Format Version 12.00
# Visual Studio Version 17
VisualStudioVersion = 17.9.34622.214
MinimumVisualStudioVersion = 10.0.40219.1
Project("{9A19103F-16F7-4668-BE54-9A1E7A4F7556}") = "TestConsoleApp.Output", "TestConsoleApp.Output\TestConsoleApp.Output.csproj", "{FF78BD74-69D8-4067-B5FC-7EB4C735F663}"
EndProject
Project("{9A19103F-16F7-4668-BE54-9A1E7A4F7556}") = "TestConsoleApp.VariablesDemo", "TestConsoleApp.VariablesDemo\TestConsoleApp.VariablesDemo.csproj", "{03F58620-373C-4879-BFE4-8CABF72526C3}"
EndProject
Project("{9A19103F-16F7-4668-BE54-9A1E7A4F7556}") = "TestConsoleApp.UserInputDemo", "TestConsoleApp.UserInputDemo\TestConsoleApp.UserInputDemo.csproj", "{DB55827F-E5A7-4FF3-B69B-B88C3B00E851}"
EndProject
Project("{9A19103F-16F7-4668-BE54-9A1E7A4F7556}") = "ConsoleApp.Operators", "ConsoleApp.Operators\ConsoleApp.Operators.csproj", "{72038775-DC05-4B53-A19D-003B2C7DFF08}"
EndProject
Project("{9A19103F-16F7-4668-BE54-9A1E7A4F7556}") = "ConsoleApp.ConditionsAndDecisions", "ConsoleApp.ConditionsAndDecisions\ConsoleApp.ConditionsAndDecisions.csproj", "{356AD26A-9573-41A3-90E8-19EB9FE352FE}"
EndProject
Project("{FAE04EC0-301F-11D3-BF4B-00C04F79EFBC}") = "ConsoleApp.SampleCalculator", "ConsoleApp.SampleCalculator\ConsoleApp.SampleCalculator.csproj", "{03C0544C-0AF6-46F5-B3DC-0D995417C95B}"
EndProject
Project("{FAE04EC0-301F-11D3-BF4B-00C04F79EFBC}") = "ConsoleApp.Loops", "ConsoleApp.Loops\ConsoleApp.Loops.csproj", "{9275A1FB-6836-4A82-A20B-A35AA0BF0DB1}"
EndProject
Global
	GlobalSection(SolutionConfigurationPlatforms) = preSolution
		Debug|Any CPU = Debug|Any CPU
		Release|Any CPU = Release|Any CPU
	EndGlobalSection
	GlobalSection(ProjectConfigurationPlatforms) = postSolution
		{FF78BD74-69D8-4067-B5FC-7EB4C735F663}.Debug|Any CPU.ActiveCfg = Debug|Any CPU
		{FF78BD74-69D8-4067-B5FC-7EB4C735F663}.Debug|Any CPU.Build.0 = Debug|Any CPU
		{FF78BD74-69D8-4067-B5FC-7EB4C735F663}.Release|Any CPU.ActiveCfg = Release|Any CPU
		{FF78BD74-69D8-4067-B5FC-7EB4C735F663}.Release|Any CPU.Build.0 = Release|Any CPU
		{03F58620-373C-4879-BFE4-8CABF72526C3}.Debug|Any CPU.ActiveCfg = Debug|Any CPU
		{03F58620-373C-4879-BFE4-8CABF72526C3}.Debug|Any CPU.Build.0 = Debug|Any CPU
		{03F58620-373C-4879-BFE4-8CABF72526C3}.Release|Any CPU.ActiveCfg = Release|Any CPU
		{03F58620-373C-4879-BFE4-8CABF72526C3}.Release|Any CPU.Build.0 = Release|Any CPU
		{DB55827F-E5A7-4FF3-B69B-B88C3B00E851}.Debug|Any CPU.ActiveCfg = Debug|Any CPU
		{DB55827F-E5A7-4FF3-B69B-B88C3B00E851}.Debug|Any CPU.Build.0 = Debug|Any CPU
		{DB55827F-E5A7-4FF3-B69B-B88C3B00E851}.Release|Any CPU.ActiveCfg = Release|Any CPU
		{DB55827F-E5A7-4FF3-B69B-B88C3B00E851}.Release|Any CPU.Build.0 = Release|Any CPU
		{72038775-DC05-4B53-A19D-003B2C7DFF08}.Debug|Any CPU.ActiveCfg = Debug|Any CPU
		{72038775-DC05-4B53-A19D-003B2C7DFF08}.Debug|Any CPU.Build.0 = Debug|Any CPU
		{72038775-DC05-4B53-A19D-003B2C7DFF08}.Release|Any CPU.ActiveCfg = Release|Any CPU
		{72038775-DC05-4B53-A19D-003B2C7DFF08}.Release|Any CPU.Build.0 = Release|Any CPU
		{356AD26A-9573-41A3-90E8-19EB9FE352FE}.Debug|Any CPU.ActiveCfg = Debug|Any CPU
		{356AD26A-9573-41A3-90E8-19EB9FE352FE}.Debug|Any CPU.Build.0 = Debug|Any CPU
		{356AD26A-9573-41A3-90E8-19EB9FE352FE}.Release|Any CPU.ActiveCfg = Release|Any CPU
		{356AD26A-9573-41A3-90E8-19EB9FE352FE}.Release|Any CPU.Build.0 = Release|Any CPU
		{03C0544C-0AF6-46F5-B3DC-0D995417C95B}.Debug|Any CPU.ActiveCfg = Debug|Any CPU
		{03C0544C-0AF6-46F5-B3DC-0D995417C95B}.Debug|Any CPU.Build.0 = Debug|Any CPU
		{03C0544C-0AF6-46F5-B3DC-0D995417C95B}.Release|Any CPU.ActiveCfg = Release|Any CPU
		{03C0544C-0AF6-46F5-B3DC-0D995417C95B}.Release|Any CPU.Build.0 = Release|Any CPU
		{9275A1FB-6836-4A82-A20B-A35AA0BF0DB1}.Debug|Any CPU.ActiveCfg = Debug|Any CPU
		{9275A1FB-6836-4A82-A20B-A35AA0BF0DB1}.Debug|Any CPU.Build.0 = Debug|Any CPU
		{9275A1FB-6836-4A82-A20B-A35AA0BF0DB1}.Release|Any CPU.ActiveCfg = Release|Any CPU
		{9275A1FB-6836-4A82-A20B-A35AA0BF0DB1}.Release|Any CPU.Build.0 = Release|Any CPU
	EndGlobalSection
	GlobalSection(SolutionProperties) = preSolution
		HideSolutionNode = FALSE
	EndGlobalSection
	GlobalSection(ExtensibilityGlobals) = postSolution
		SolutionGuid = {BD99F0A1-096B-4988-BF11-B9176C8A943F}
	EndGlobalSection
EndGlobal
